
Microsoft Visual Studio Solution File, Format Version 12.00
# Visual Studio Version 17
VisualStudioVersion = 17.0.31912.275
MinimumVisualStudioVersion = 10.0.40219.1
Project("{FAE04EC0-301F-11D3-BF4B-00C04F79EFBC}") = "UserCrudApi", "UserCrudApi\UserCrudApi.csproj", "{3BC264C8-1AA9-47B7-96D8-0C2C6EA9EE7D}"
EndProject
Project("{FAE04EC0-301F-11D3-BF4B-00C04F79EFBC}") = "tests", "tests\tests.csproj", "{767FBB0C-B21F-4ED1-A5C4-E961FE37DC11}"
EndProject
Global
	GlobalSection(SolutionConfigurationPlatforms) = preSolution
		Debug|Any CPU = Debug|Any CPU
		Release|Any CPU = Release|Any CPU
	EndGlobalSection
	GlobalSection(ProjectConfigurationPlatforms) = postSolution
		{3BC264C8-1AA9-47B7-96D8-0C2C6EA9EE7D}.Debug|Any CPU.ActiveCfg = Debug|Any CPU
		{3BC264C8-1AA9-47B7-96D8-0C2C6EA9EE7D}.Debug|Any CPU.Build.0 = Debug|Any CPU
		{3BC264C8-1AA9-47B7-96D8-0C2C6EA9EE7D}.Release|Any CPU.ActiveCfg = Release|Any CPU
		{3BC264C8-1AA9-47B7-96D8-0C2C6EA9EE7D}.Release|Any CPU.Build.0 = Release|Any CPU
		{767FBB0C-B21F-4ED1-A5C4-E961FE37DC11}.Debug|Any CPU.ActiveCfg = Debug|Any CPU
		{767FBB0C-B21F-4ED1-A5C4-E961FE37DC11}.Debug|Any CPU.Build.0 = Debug|Any CPU
		{767FBB0C-B21F-4ED1-A5C4-E961FE37DC11}.Release|Any CPU.ActiveCfg = Release|Any CPU
		{767FBB0C-B21F-4ED1-A5C4-E961FE37DC11}.Release|Any CPU.Build.0 = Release|Any CPU
	EndGlobalSection
	GlobalSection(SolutionProperties) = preSolution
		HideSolutionNode = FALSE
	EndGlobalSection
	GlobalSection(ExtensibilityGlobals) = postSolution
		SolutionGuid = {E7DED980-F7D1-40D0-B4A0-4DAFE82EE978}
	EndGlobalSection
EndGlobal
